{
  "name": "node-red-contrib-cmteknik",
  "version": "0.0.5",
  "lockfileVersion": 1,
  "requires": true,
  "dependencies": {
    "netcom-client": {
      "version": "1.0.2",
      "resolved": "https://registry.npmjs.org/netcom-client/-/netcom-client-1.0.2.tgz",
      "integrity": "sha512-1g8eQMlvgsZ6PqB2zNCUptkMr0pEUlJ2Oe3c/Jttq/l2ekq0q91YD5mS1Pr6opvnXMuKvAfpI6MccpfWD0wr0g=="
    }
  }
}
