{
  "name": "node-red-contrib-cmteknik",
  "version": "0.0.7",
  "lockfileVersion": 1,
  "requires": true,
  "dependencies": {
    "netcom-client": {
      "version": "1.0.3",
      "resolved": "https://registry.npmjs.org/netcom-client/-/netcom-client-1.0.3.tgz",
      "integrity": "sha512-q7AtE0rGTxF25dQTu5+hN2o9GUVOrxU72YzGSq4ogkvuqR2iFSA0VRTf7OBxqbQsWixjBKOM0oHtmSFeO2JQJg=="
    }
  }
}
